
Microsoft Visual Studio Solution File, Format Version 12.00
# Visual Studio Version 16
VisualStudioVersion = 16.0.31702.278
MinimumVisualStudioVersion = 10.0.40219.1
Project("{FAE04EC0-301F-11D3-BF4B-00C04F79EFBC}") = "Bai_tap_ve_nha2", "Bai_tap_ve_nha2\Bai_tap_ve_nha2.csproj", "{752E9EFB-5D78-4463-8159-51E14150B987}"
EndProject
Global
	GlobalSection(SolutionConfigurationPlatforms) = preSolution
		Debug|Any CPU = Debug|Any CPU
		Release|Any CPU = Release|Any CPU
	EndGlobalSection
	GlobalSection(ProjectConfigurationPlatforms) = postSolution
		{752E9EFB-5D78-4463-8159-51E14150B987}.Debug|Any CPU.ActiveCfg = Debug|Any CPU
		{752E9EFB-5D78-4463-8159-51E14150B987}.Debug|Any CPU.Build.0 = Debug|Any CPU
		{752E9EFB-5D78-4463-8159-51E14150B987}.Release|Any CPU.ActiveCfg = Release|Any CPU
		{752E9EFB-5D78-4463-8159-51E14150B987}.Release|Any CPU.Build.0 = Release|Any CPU
	EndGlobalSection
	GlobalSection(SolutionProperties) = preSolution
		HideSolutionNode = FALSE
	EndGlobalSection
	GlobalSection(ExtensibilityGlobals) = postSolution
		SolutionGuid = {988C2096-19AE-4FA4-A87A-827342BD5E00}
	EndGlobalSection
EndGlobal
